{
  "name": "blog-dyn-first",
  "version": "1.0.0",
  "lockfileVersion": 2,
  "dependencies": {
    "autoprefixer": {
      "version": "10.4.20",
      "resolved": "https://registry.npmjs.org/autoprefixer/-/autoprefixer-10.4.20.tgz",
      "integrity": "sha512-W2m0Hg4e1R9O2wBt4FzXGzJq5kIVCptBkcL3z+M0oCUWzBrPLG/ZWdMlF1PQF2KnNpT6Euxh6UcnPmxCBgtdDg==",
      "dev": true
    },
    "next": {
      "version": "14.2.2",
      "resolved": "https://registry.npmjs.org/next/-/next-14.2.2.tgz",
      "integrity": "sha512-lKh/5weYI59U29POaHZNYt16k+6TIs2gIXR1yIty+/6+JnHOdlZm7kcFwVrbwV5P0ERlwLqXgtlFwYXz6AsE8A=="
    },
    "postcss": {
      "version": "8.4.49",
      "resolved": "https://registry.npmjs.org/postcss/-/postcss-8.4.49.tgz",
      "integrity": "sha512-LjxsxltxNkn8VoJ1gBngZ+59sZwlGhTX4KQhce16SxUllYm0JhS1D/3m+MtwK0Fjdd0GkpDffF9pkdmUlGn1pg==",
      "dev": true
    },
    "react": {
      "version": "18.3.1",
      "resolved": "https://registry.npmjs.org/react/-/react-18.3.1.tgz",
      "integrity": "sha512-Sv7vToVJxdFcJlL/V1B5t4sHsPRme0XIVW1gsx6UpYnt/kOQU8+Q4dy1VoeGH8oV4l8WnBBi1r3tceyKXt/Nkg=="
    },
    "react-dom": {
      "version": "18.3.1",
      "resolved": "https://registry.npmjs.org/react-dom/-/react-dom-18.3.1.tgz",
      "integrity": "sha512-HYx8b2gfGjWzAOLB1N3o6QKkJlWV0tZYASzEGxeN0wPRDoOHFhbaFMxJtvNSY3MddIoYtulCN+PBfWReUjXBRg=="
    },
    "react-icons": {
      "version": "5.4.0",
      "resolved": "https://registry.npmjs.org/react-icons/-/react-icons-5.4.0.tgz",
      "integrity": "sha512-9iAWJXB94GME9BmfEwZyyFzFzfeFzWbHO8yfs8KhGcIYmlH0++u1bCIF1w03mg92d3hf75QFZyBeNeMzyZzQQw=="
    },
    "tailwindcss": {
      "version": "3.4.17",
      "resolved": "https://registry.npmjs.org/tailwindcss/-/tailwindcss-3.4.17.tgz",
      "integrity": "sha512-WFZpSRhpHXWzZXf3TShIuOplnGkZTiz4rwPv2KhgNoZzWDrBY8mrY1vSg+Gg7sydTYMCka4WAosQxXY0HrZYGA=="
    }
  },
  "devDependencies": {
    "@types/node": {
      "version": "20.0.0",
      "resolved": "https://registry.npmjs.org/@types/node/-/node-20.0.0.tgz",
      "integrity": "sha512-XZp6rTeLCmblMv0ESkH5ebD8wY3bp/y7T0JfdId8yJkvAk/T6m2gnpa/f2pu7VtFCOqNssj5oCZfwFSKNek6mA==",
      "dev": true
    },
    "@types/react": {
      "version": "18.0.0",
      "resolved": "https://registry.npmjs.org/@types/react/-/react-18.0.0.tgz",
      "integrity": "sha512-24jw6/gj/yEV7iTkYYHeJNEuK91HNeN1dZTpt4SOPrZrOgE9kj/fOqYa0PC7ZbZ03eZBGrDtx5YWwsT37kk8pw==",
      "dev": true
    },
    "@types/react-dom": {
      "version": "18.0.0",
      "resolved": "https://registry.npmjs.org/@types/react-dom/-/react-dom-18.0.0.tgz",
      "integrity": "sha512-q5nwvOQ4Wf3wBfnVsV3yy7yw5gB4Y50H8VtnmkwrJ0gE28OPmqPxtjpKT4mjjkn7hFLkGptU0nFZm9Lfugv6fUg==",
      "dev": true
    },
    "eslint": {
      "version": "8.0.0",
      "resolved": "https://registry.npmjs.org/eslint/-/eslint-8.0.0.tgz",
      "integrity": "sha512-1dfgtseUGs9RAisW9lb4h4Qk+zQ/7gf8i2Sx28HTZfOsX2GVjwV7OdMGZs3rsZb9RlxZonFknEXY0WsFk3Qbfw==",
      "dev": true
    },
    "eslint-config-next": {
      "version": "14.2.2",
      "resolved": "https://registry.npmjs.org/eslint-config-next/-/eslint-config-next-14.2.2.tgz",
      "integrity": "sha512-Uy2oUmy2CvC5lQFz/PwZ7v6us2L5c+F9H8DJ7/MXGf4/aSHjX/2q4f0wrEdhJ0uP+Eqk7o+aG5pzfyM4D0yb7g==",
      "dev": true
    },
    "typescript": {
      "version": "5.0.0",
      "resolved": "https://registry.npmjs.org/typescript/-/typescript-5.0.0.tgz",
      "integrity": "sha512-xhWxDWb8qUQyN3p/NB6X9i5VyxuGRmIfI+5OTQv6mQfFbF5b4efy5wrp4Xbct5XsMxHyt9jV/3CBoJl9ZVsK/A==",
      "dev": true
    }
  }
}
